// !$*UTF8*$!
{
	archiveVersion = 1;
	classes = {
	};
	objectVersion = 56;
	objects = {

/* Begin PBXBuildFile section */
		706858D72A773AB6003C420D /* UserTableViewCell.swift in Sources */ = {isa = PBXBuildFile; fileRef = 706858D52A773AB6003C420D /* UserTableViewCell.swift */; };
		706858D82A773AB6003C420D /* UserTableViewCell.xib in Resources */ = {isa = PBXBuildFile; fileRef = 706858D62A773AB6003C420D /* UserTableViewCell.xib */; };
		7081160A2A770A6B00CB7297 /* AppDelegate.swift in Sources */ = {isa = PBXBuildFile; fileRef = 708116092A770A6B00CB7297 /* AppDelegate.swift */; };
		7081160C2A770A6B00CB7297 /* SceneDelegate.swift in Sources */ = {isa = PBXBuildFile; fileRef = 7081160B2A770A6B00CB7297 /* SceneDelegate.swift */; };
		7081160E2A770A6B00CB7297 /* ViewController.swift in Sources */ = {isa = PBXBuildFile; fileRef = 7081160D2A770A6B00CB7297 /* ViewController.swift */; };
		708116112A770A6B00CB7297 /* Main.storyboard in Resources */ = {isa = PBXBuildFile; fileRef = 7081160F2A770A6B00CB7297 /* Main.storyboard */; };
		708116132A770A6D00CB7297 /* Assets.xcassets in Resources */ = {isa = PBXBuildFile; fileRef = 708116122A770A6D00CB7297 /* Assets.xcassets */; };
		708116162A770A6D00CB7297 /* LaunchScreen.storyboard in Resources */ = {isa = PBXBuildFile; fileRef = 708116142A770A6D00CB7297 /* LaunchScreen.storyboard */; };
		708116212A77169300CB7297 /* TableViewCell.swift in Sources */ = {isa = PBXBuildFile; fileRef = 7081161F2A77169300CB7297 /* TableViewCell.swift */; };
		708116222A77169300CB7297 /* TableViewCell.xib in Resources */ = {isa = PBXBuildFile; fileRef = 708116202A77169300CB7297 /* TableViewCell.xib */; };
/* End PBXBuildFile section */

/* Begin PBXFileReference section */
		706858D52A773AB6003C420D /* UserTableViewCell.swift */ = {isa = PBXFileReference; lastKnownFileType = sourcecode.swift; path = UserTableViewCell.swift; sourceTree = "<group>"; };
		706858D62A773AB6003C420D /* UserTableViewCell.xib */ = {isa = PBXFileReference; lastKnownFileType = file.xib; path = UserTableViewCell.xib; sourceTree = "<group>"; };
		708116062A770A6A00CB7297 /* Layout View.app */ = {isa = PBXFileReference; explicitFileType = wrapper.application; includeInIndex = 0; path = "Layout View.app"; sourceTree = BUILT_PRODUCTS_DIR; };
		708116092A770A6B00CB7297 /* AppDelegate.swift */ = {isa = PBXFileReference; lastKnownFileType = sourcecode.swift; path = AppDelegate.swift; sourceTree = "<group>"; };
		7081160B2A770A6B00CB7297 /* SceneDelegate.swift */ = {isa = PBXFileReference; lastKnownFileType = sourcecode.swift; path = SceneDelegate.swift; sourceTree = "<group>"; };
		7081160D2A770A6B00CB7297 /* ViewController.swift */ = {isa = PBXFileReference; lastKnownFileType = sourcecode.swift; path = ViewController.swift; sourceTree = "<group>"; };
		708116102A770A6B00CB7297 /* Base */ = {isa = PBXFileReference; lastKnownFileType = file.storyboard; name = Base; path = Base.lproj/Main.storyboard; sourceTree = "<group>"; };
		708116122A770A6D00CB7297 /* Assets.xcassets */ = {isa = PBXFileReference; lastKnownFileType = folder.assetcatalog; path = Assets.xcassets; sourceTree = "<group>"; };
		708116152A770A6D00CB7297 /* Base */ = {isa = PBXFileReference; lastKnownFileType = file.storyboard; name = Base; path = Base.lproj/LaunchScreen.storyboard; sourceTree = "<group>"; };
		708116172A770A6D00CB7297 /* Info.plist */ = {isa = PBXFileReference; lastKnownFileType = text.plist.xml; path = Info.plist; sourceTree = "<group>"; };
		7081161F2A77169300CB7297 /* TableViewCell.swift */ = {isa = PBXFileReference; lastKnownFileType = sourcecode.swift; path = TableViewCell.swift; sourceTree = "<group>"; };
		708116202A77169300CB7297 /* TableViewCell.xib */ = {isa = PBXFileReference; lastKnownFileType = file.xib; path = TableViewCell.xib; sourceTree = "<group>"; };
/* End PBXFileReference section */

/* Begin PBXFrameworksBuildPhase section */
		708116032A770A6A00CB7297 /* Frameworks */ = {
			isa = PBXFrameworksBuildPhase;
			buildActionMask = 2147483647;
			files = (
			);
			runOnlyForDeploymentPostprocessing = 0;
		};
/* End PBXFrameworksBuildPhase section */

/* Begin PBXGroup section */
		70703F9D2A78677900EB0844 /* Core */ = {
			isa = PBXGroup;
			children = (
				708116092A770A6B00CB7297 /* AppDelegate.swift */,
				7081160B2A770A6B00CB7297 /* SceneDelegate.swift */,
			);
			path = Core;
			sourceTree = "<group>";
		};
		70703F9E2A78678800EB0844 /* Views */ = {
			isa = PBXGroup;
			children = (
				7081160D2A770A6B00CB7297 /* ViewController.swift */,
				7081160F2A770A6B00CB7297 /* Main.storyboard */,
			);
			path = Views;
			sourceTree = "<group>";
		};
		70703F9F2A78679900EB0844 /* Resource */ = {
			isa = PBXGroup;
			children = (
				708116122A770A6D00CB7297 /* Assets.xcassets */,
				708116142A770A6D00CB7297 /* LaunchScreen.storyboard */,
				708116172A770A6D00CB7297 /* Info.plist */,
			);
			path = Resource;
			sourceTree = "<group>";
		};
		708115FD2A770A6A00CB7297 = {
			isa = PBXGroup;
			children = (
				708116082A770A6A00CB7297 /* Layout View */,
				708116072A770A6A00CB7297 /* Products */,
			);
			sourceTree = "<group>";
		};
		708116072A770A6A00CB7297 /* Products */ = {
			isa = PBXGroup;
			children = (
				708116062A770A6A00CB7297 /* Layout View.app */,
			);
			name = Products;
			sourceTree = "<group>";
		};
		708116082A770A6A00CB7297 /* Layout View */ = {
			isa = PBXGroup;
			children = (
				70703F9F2A78679900EB0844 /* Resource */,
				70703F9E2A78678800EB0844 /* Views */,
				70703F9D2A78677900EB0844 /* Core */,
				7081161D2A77167A00CB7297 /* Cell */,
			);
			path = "Layout View";
			sourceTree = "<group>";
		};
		7081161D2A77167A00CB7297 /* Cell */ = {
			isa = PBXGroup;
			children = (
				7081161F2A77169300CB7297 /* TableViewCell.swift */,
				708116202A77169300CB7297 /* TableViewCell.xib */,
				706858D52A773AB6003C420D /* UserTableViewCell.swift */,
				706858D62A773AB6003C420D /* UserTableViewCell.xib */,
			);
			path = Cell;
			sourceTree = "<group>";
		};
/* End PBXGroup section */

/* Begin PBXNativeTarget section */
		708116052A770A6A00CB7297 /* Layout View */ = {
			isa = PBXNativeTarget;
			buildConfigurationList = 7081161A2A770A6D00CB7297 /* Build configuration list for PBXNativeTarget "Layout View" */;
			buildPhases = (
				708116022A770A6A00CB7297 /* Sources */,
				708116032A770A6A00CB7297 /* Frameworks */,
				708116042A770A6A00CB7297 /* Resources */,
			);
			buildRules = (
			);
			dependencies = (
			);
			name = "Layout View";
			productName = "Layout View";
			productReference = 708116062A770A6A00CB7297 /* Layout View.app */;
			productType = "com.apple.product-type.application";
		};
/* End PBXNativeTarget section */

/* Begin PBXProject section */
		708115FE2A770A6A00CB7297 /* Project object */ = {
			isa = PBXProject;
			attributes = {
				BuildIndependentTargetsInParallel = 1;
				LastSwiftUpdateCheck = 1430;
				LastUpgradeCheck = 1430;
				TargetAttributes = {
					708116052A770A6A00CB7297 = {
						CreatedOnToolsVersion = 14.3.1;
					};
				};
			};
			buildConfigurationList = 708116012A770A6A00CB7297 /* Build configuration list for PBXProject "Layout View" */;
			compatibilityVersion = "Xcode 14.0";
			developmentRegion = en;
			hasScannedForEncodings = 0;
			knownRegions = (
				en,
				Base,
			);
			mainGroup = 708115FD2A770A6A00CB7297;
			productRefGroup = 708116072A770A6A00CB7297 /* Products */;
			projectDirPath = "";
			projectRoot = "";
			targets = (
				708116052A770A6A00CB7297 /* Layout View */,
			);
		};
/* End PBXProject section */

/* Begin PBXResourcesBuildPhase section */
		708116042A770A6A00CB7297 /* Resources */ = {
			isa = PBXResourcesBuildPhase;
			buildActionMask = 2147483647;
			files = (
				708116162A770A6D00CB7297 /* LaunchScreen.storyboard in Resources */,
				708116222A77169300CB7297 /* TableViewCell.xib in Resources */,
				708116132A770A6D00CB7297 /* Assets.xcassets in Resources */,
				708116112A770A6B00CB7297 /* Main.storyboard in Resources */,
				706858D82A773AB6003C420D /* UserTableViewCell.xib in Resources */,
			);
			runOnlyForDeploymentPostprocessing = 0;
		};
/* End PBXResourcesBuildPhase section */

/* Begin PBXSourcesBuildPhase section */
		708116022A770A6A00CB7297 /* Sources */ = {
			isa = PBXSourcesBuildPhase;
			buildActionMask = 2147483647;
			files = (
				7081160E2A770A6B00CB7297 /* ViewController.swift in Sources */,
				708116212A77169300CB7297 /* TableViewCell.swift in Sources */,
				7081160A2A770A6B00CB7297 /* AppDelegate.swift in Sources */,
				7081160C2A770A6B00CB7297 /* SceneDelegate.swift in Sources */,
				706858D72A773AB6003C420D /* UserTableViewCell.swift in Sources */,
			);
			runOnlyForDeploymentPostprocessing = 0;
		};
/* End PBXSourcesBuildPhase section */

/* Begin PBXVariantGroup section */
		7081160F2A770A6B00CB7297 /* Main.storyboard */ = {
			isa = PBXVariantGroup;
			children = (
				708116102A770A6B00CB7297 /* Base */,
			);
			name = Main.storyboard;
			sourceTree = "<group>";
		};
		708116142A770A6D00CB7297 /* LaunchScreen.storyboard */ = {
			isa = PBXVariantGroup;
			children = (
				708116152A770A6D00CB7297 /* Base */,
			);
			name = LaunchScreen.storyboard;
			sourceTree = "<group>";
		};
/* End PBXVariantGroup section */

/* Begin XCBuildConfiguration section */
		708116182A770A6D00CB7297 /* Debug */ = {
			isa = XCBuildConfiguration;
			buildSettings = {
				ALWAYS_SEARCH_USER_PATHS = NO;
				CLANG_ANALYZER_NONNULL = YES;
				CLANG_ANALYZER_NUMBER_OBJECT_CONVERSION = YES_AGGRESSIVE;
				CLANG_CXX_LANGUAGE_STANDARD = "gnu++20";
				CLANG_ENABLE_MODULES = YES;
				CLANG_ENABLE_OBJC_ARC = YES;
				CLANG_ENABLE_OBJC_WEAK = YES;
				CLANG_WARN_BLOCK_CAPTURE_AUTORELEASING = YES;
				CLANG_WARN_BOOL_CONVERSION = YES;
				CLANG_WARN_COMMA = YES;
				CLANG_WARN_CONSTANT_CONVERSION = YES;
				CLANG_WARN_DEPRECATED_OBJC_IMPLEMENTATIONS = YES;
				CLANG_WARN_DIRECT_OBJC_ISA_USAGE = YES_ERROR;
				CLANG_WARN_DOCUMENTATION_COMMENTS = YES;
				CLANG_WARN_EMPTY_BODY = YES;
				CLANG_WARN_ENUM_CONVERSION = YES;
				CLANG_WARN_INFINITE_RECURSION = YES;
				CLANG_WARN_INT_CONVERSION = YES;
				CLANG_WARN_NON_LITERAL_NULL_CONVERSION = YES;
				CLANG_WARN_OBJC_IMPLICIT_RETAIN_SELF = YES;
				CLANG_WARN_OBJC_LITERAL_CONVERSION = YES;
				CLANG_WARN_OBJC_ROOT_CLASS = YES_ERROR;
				CLANG_WARN_QUOTED_INCLUDE_IN_FRAMEWORK_HEADER = YES;
				CLANG_WARN_RANGE_LOOP_ANALYSIS = YES;
				CLANG_WARN_STRICT_PROTOTYPES = YES;
				CLANG_WARN_SUSPICIOUS_MOVE = YES;
				CLANG_WARN_UNGUARDED_AVAILABILITY = YES_AGGRESSIVE;
				CLANG_WARN_UNREACHABLE_CODE = YES;
				CLANG_WARN__DUPLICATE_METHOD_MATCH = YES;
				COPY_PHASE_STRIP = NO;
				DEBUG_INFORMATION_FORMAT = dwarf;
				ENABLE_STRICT_OBJC_MSGSEND = YES;
				ENABLE_TESTABILITY = YES;
				GCC_C_LANGUAGE_STANDARD = gnu11;
				GCC_DYNAMIC_NO_PIC = NO;
				GCC_NO_COMMON_BLOCKS = YES;
				GCC_OPTIMIZATION_LEVEL = 0;
				GCC_PREPROCESSOR_DEFINITIONS = (
					"DEBUG=1",
					"$(inherited)",
				);
				GCC_WARN_64_TO_32_BIT_CONVERSION = YES;
				GCC_WARN_ABOUT_RETURN_TYPE = YES_ERROR;
				GCC_WARN_UNDECLARED_SELECTOR = YES;
				GCC_WARN_UNINITIALIZED_AUTOS = YES_AGGRESSIVE;
				GCC_WARN_UNUSED_FUNCTION = YES;
				GCC_WARN_UNUSED_VARIABLE = YES;
				IPHONEOS_DEPLOYMENT_TARGET = 16.4;
				MTL_ENABLE_DEBUG_INFO = INCLUDE_SOURCE;
				MTL_FAST_MATH = YES;
				ONLY_ACTIVE_ARCH = YES;
				SDKROOT = iphoneos;
				SWIFT_ACTIVE_COMPILATION_CONDITIONS = DEBUG;
				SWIFT_OPTIMIZATION_LEVEL = "-Onone";
			};
			name = Debug;
		};
		708116192A770A6D00CB7297 /* Release */ = {
			isa = XCBuildConfiguration;
			buildSettings = {
				ALWAYS_SEARCH_USER_PATHS = NO;
				CLANG_ANALYZER_NONNULL = YES;
				CLANG_ANALYZER_NUMBER_OBJECT_CONVERSION = YES_AGGRESSIVE;
				CLANG_CXX_LANGUAGE_STANDARD = "gnu++20";
				CLANG_ENABLE_MODULES = YES;
				CLANG_ENABLE_OBJC_ARC = YES;
				CLANG_ENABLE_OBJC_WEAK = YES;
				CLANG_WARN_BLOCK_CAPTURE_AUTORELEASING = YES;
				CLANG_WARN_BOOL_CONVERSION = YES;
				CLANG_WARN_COMMA = YES;
				CLANG_WARN_CONSTANT_CONVERSION = YES;
				CLANG_WARN_DEPRECATED_OBJC_IMPLEMENTATIONS = YES;
				CLANG_WARN_DIRECT_OBJC_ISA_USAGE = YES_ERROR;
				CLANG_WARN_DOCUMENTATION_COMMENTS = YES;
				CLANG_WARN_EMPTY_BODY = YES;
				CLANG_WARN_ENUM_CONVERSION = YES;
				CLANG_WARN_INFINITE_RECURSION = YES;
				CLANG_WARN_INT_CONVERSION = YES;
				CLANG_WARN_NON_LITERAL_NULL_CONVERSION = YES;
				CLANG_WARN_OBJC_IMPLICIT_RETAIN_SELF = YES;
				CLANG_WARN_OBJC_LITERAL_CONVERSION = YES;
				CLANG_WARN_OBJC_ROOT_CLASS = YES_ERROR;
				CLANG_WARN_QUOTED_INCLUDE_IN_FRAMEWORK_HEADER = YES;
				CLANG_WARN_RANGE_LOOP_ANALYSIS = YES;
				CLANG_WARN_STRICT_PROTOTYPES = YES;
				CLANG_WARN_SUSPICIOUS_MOVE = YES;
				CLANG_WARN_UNGUARDED_AVAILABILITY = YES_AGGRESSIVE;
				CLANG_WARN_UNREACHABLE_CODE = YES;
				CLANG_WARN__DUPLICATE_METHOD_MATCH = YES;
				COPY_PHASE_STRIP = NO;
				DEBUG_INFORMATION_FORMAT = "dwarf-with-dsym";
				ENABLE_NS_ASSERTIONS = NO;
				ENABLE_STRICT_OBJC_MSGSEND = YES;
				GCC_C_LANGUAGE_STANDARD = gnu11;
				GCC_NO_COMMON_BLOCKS = YES;
				GCC_WARN_64_TO_32_BIT_CONVERSION = YES;
				GCC_WARN_ABOUT_RETURN_TYPE = YES_ERROR;
				GCC_WARN_UNDECLARED_SELECTOR = YES;
				GCC_WARN_UNINITIALIZED_AUTOS = YES_AGGRESSIVE;
				GCC_WARN_UNUSED_FUNCTION = YES;
				GCC_WARN_UNUSED_VARIABLE = YES;
				IPHONEOS_DEPLOYMENT_TARGET = 16.4;
				MTL_ENABLE_DEBUG_INFO = NO;
				MTL_FAST_MATH = YES;
				SDKROOT = iphoneos;
				SWIFT_COMPILATION_MODE = wholemodule;
				SWIFT_OPTIMIZATION_LEVEL = "-O";
				VALIDATE_PRODUCT = YES;
			};
			name = Release;
		};
		7081161B2A770A6D00CB7297 /* Debug */ = {
			isa = XCBuildConfiguration;
			buildSettings = {
				ASSETCATALOG_COMPILER_APPICON_NAME = AppIcon;
				ASSETCATALOG_COMPILER_GLOBAL_ACCENT_COLOR_NAME = AccentColor;
				CODE_SIGN_STYLE = Automatic;
				CURRENT_PROJECT_VERSION = 1;
				DEVELOPMENT_TEAM = J87QL6WZ88;
				GENERATE_INFOPLIST_FILE = YES;
				INFOPLIST_FILE = "Layout View/Resource/Info.plist";
				INFOPLIST_KEY_UIApplicationSupportsIndirectInputEvents = YES;
				INFOPLIST_KEY_UILaunchStoryboardName = LaunchScreen;
				INFOPLIST_KEY_UIMainStoryboardFile = Main;
				INFOPLIST_KEY_UISupportedInterfaceOrientations_iPad = "UIInterfaceOrientationPortrait UIInterfaceOrientationPortraitUpsideDown UIInterfaceOrientationLandscapeLeft UIInterfaceOrientationLandscapeRight";
				INFOPLIST_KEY_UISupportedInterfaceOrientations_iPhone = "UIInterfaceOrientationPortrait UIInterfaceOrientationLandscapeLeft UIInterfaceOrientationLandscapeRight";
				LD_RUNPATH_SEARCH_PATHS = (
					"$(inherited)",
					"@executable_path/Frameworks",
				);
				MARKETING_VERSION = 1.0;
				PRODUCT_BUNDLE_IDENTIFIER = "MohamedKhaled.Layout-View";
				PRODUCT_NAME = "$(TARGET_NAME)";
				SUPPORTED_PLATFORMS = "iphoneos iphonesimulator";
				SUPPORTS_MACCATALYST = NO;
				SUPPORTS_MAC_DESIGNED_FOR_IPHONE_IPAD = NO;
				SWIFT_EMIT_LOC_STRINGS = YES;
				SWIFT_VERSION = 5.0;
				TARGETED_DEVICE_FAMILY = 1;
			};
			name = Debug;
		};
		7081161C2A770A6D00CB7297 /* Release */ = {
			isa = XCBuildConfiguration;
			buildSettings = {
				ASSETCATALOG_COMPILER_APPICON_NAME = AppIcon;
				ASSETCATALOG_COMPILER_GLOBAL_ACCENT_COLOR_NAME = AccentColor;
				CODE_SIGN_STYLE = Automatic;
				CURRENT_PROJECT_VERSION = 1;
				DEVELOPMENT_TEAM = J87QL6WZ88;
				GENERATE_INFOPLIST_FILE = YES;
				INFOPLIST_FILE = "Layout View/Resource/Info.plist";
				INFOPLIST_KEY_UIApplicationSupportsIndirectInputEvents = YES;
				INFOPLIST_KEY_UILaunchStoryboardName = LaunchScreen;
				INFOPLIST_KEY_UIMainStoryboardFile = Main;
				INFOPLIST_KEY_UISupportedInterfaceOrientations_iPad = "UIInterfaceOrientationPortrait UIInterfaceOrientationPortraitUpsideDown UIInterfaceOrientationLandscapeLeft UIInterfaceOrientationLandscapeRight";
				INFOPLIST_KEY_UISupportedInterfaceOrientations_iPhone = "UIInterfaceOrientationPortrait UIInterfaceOrientationLandscapeLeft UIInterfaceOrientationLandscapeRight";
				LD_RUNPATH_SEARCH_PATHS = (
					"$(inherited)",
					"@executable_path/Frameworks",
				);
				MARKETING_VERSION = 1.0;
				PRODUCT_BUNDLE_IDENTIFIER = "MohamedKhaled.Layout-View";
				PRODUCT_NAME = "$(TARGET_NAME)";
				SUPPORTED_PLATFORMS = "iphoneos iphonesimulator";
				SUPPORTS_MACCATALYST = NO;
				SUPPORTS_MAC_DESIGNED_FOR_IPHONE_IPAD = NO;
				SWIFT_EMIT_LOC_STRINGS = YES;
				SWIFT_VERSION = 5.0;
				TARGETED_DEVICE_FAMILY = 1;
			};
			name = Release;
		};
/* End XCBuildConfiguration section */

/* Begin XCConfigurationList section */
		708116012A770A6A00CB7297 /* Build configuration list for PBXProject "Layout View" */ = {
			isa = XCConfigurationList;
			buildConfigurations = (
				708116182A770A6D00CB7297 /* Debug */,
				708116192A770A6D00CB7297 /* Release */,
			);
			defaultConfigurationIsVisible = 0;
			defaultConfigurationName = Release;
		};
		7081161A2A770A6D00CB7297 /* Build configuration list for PBXNativeTarget "Layout View" */ = {
			isa = XCConfigurationList;
			buildConfigurations = (
				7081161B2A770A6D00CB7297 /* Debug */,
				7081161C2A770A6D00CB7297 /* Release */,
			);
			defaultConfigurationIsVisible = 0;
			defaultConfigurationName = Release;
		};
/* End XCConfigurationList section */
	};
	rootObject = 708115FE2A770A6A00CB7297 /* Project object */;
}
